
Microsoft Visual Studio Solution File, Format Version 12.00
# Visual Studio Version 17
VisualStudioVersion = 17.0.32014.148
MinimumVisualStudioVersion = 10.0.40219.1
Project("{FAE04EC0-301F-11D3-BF4B-00C04F79EFBC}") = "Team32App.Android", "Team32App.Android\Team32App.Android.csproj", "{7D04F3D7-F6E0-4CE6-8C11-8F868EB6AF91}"
EndProject
Project("{FAE04EC0-301F-11D3-BF4B-00C04F79EFBC}") = "Team32App", "Team32App\Team32App.csproj", "{A06613F4-BC21-4AC5-B82C-E2ACB92644A2}"
EndProject
Global
	GlobalSection(SolutionConfigurationPlatforms) = preSolution
		Debug|Any CPU = Debug|Any CPU
		Release|Any CPU = Release|Any CPU
	EndGlobalSection
	GlobalSection(ProjectConfigurationPlatforms) = postSolution
		{7D04F3D7-F6E0-4CE6-8C11-8F868EB6AF91}.Debug|Any CPU.ActiveCfg = Debug|Any CPU
		{7D04F3D7-F6E0-4CE6-8C11-8F868EB6AF91}.Debug|Any CPU.Build.0 = Debug|Any CPU
		{7D04F3D7-F6E0-4CE6-8C11-8F868EB6AF91}.Debug|Any CPU.Deploy.0 = Debug|Any CPU
		{7D04F3D7-F6E0-4CE6-8C11-8F868EB6AF91}.Release|Any CPU.ActiveCfg = Release|Any CPU
		{7D04F3D7-F6E0-4CE6-8C11-8F868EB6AF91}.Release|Any CPU.Build.0 = Release|Any CPU
		{7D04F3D7-F6E0-4CE6-8C11-8F868EB6AF91}.Release|Any CPU.Deploy.0 = Release|Any CPU
		{A06613F4-BC21-4AC5-B82C-E2ACB92644A2}.Debug|Any CPU.ActiveCfg = Debug|Any CPU
		{A06613F4-BC21-4AC5-B82C-E2ACB92644A2}.Debug|Any CPU.Build.0 = Debug|Any CPU
		{A06613F4-BC21-4AC5-B82C-E2ACB92644A2}.Debug|Any CPU.Deploy.0 = Debug|Any CPU
		{A06613F4-BC21-4AC5-B82C-E2ACB92644A2}.Release|Any CPU.ActiveCfg = Release|Any CPU
		{A06613F4-BC21-4AC5-B82C-E2ACB92644A2}.Release|Any CPU.Build.0 = Release|Any CPU
		{A06613F4-BC21-4AC5-B82C-E2ACB92644A2}.Release|Any CPU.Deploy.0 = Release|Any CPU
	EndGlobalSection
	GlobalSection(SolutionProperties) = preSolution
		HideSolutionNode = FALSE
	EndGlobalSection
	GlobalSection(ExtensibilityGlobals) = postSolution
		SolutionGuid = {B2145681-DCC0-425F-8B84-AD019F4E9AF0}
	EndGlobalSection
EndGlobal
